
Microsoft Visual Studio Solution File, Format Version 12.00
# Visual Studio Version 17
VisualStudioVersion = 17.3.32825.248
MinimumVisualStudioVersion = 10.0.40219.1
Project("{FAE04EC0-301F-11D3-BF4B-00C04F79EFBC}") = "Pcroom_keyosk", "PCRppm\Pcroom_keyosk.csproj", "{5EA08ACE-135B-46F3-A020-6BF12313CCD8}"
EndProject
Global
	GlobalSection(SolutionConfigurationPlatforms) = preSolution
		Debug|Any CPU = Debug|Any CPU
		Debug|x64 = Debug|x64
		Release|Any CPU = Release|Any CPU
		Release|x64 = Release|x64
	EndGlobalSection
	GlobalSection(ProjectConfigurationPlatforms) = postSolution
		{5EA08ACE-135B-46F3-A020-6BF12313CCD8}.Debug|Any CPU.ActiveCfg = Debug|Any CPU
		{5EA08ACE-135B-46F3-A020-6BF12313CCD8}.Debug|Any CPU.Build.0 = Debug|Any CPU
		{5EA08ACE-135B-46F3-A020-6BF12313CCD8}.Debug|x64.ActiveCfg = Debug|x64
		{5EA08ACE-135B-46F3-A020-6BF12313CCD8}.Debug|x64.Build.0 = Debug|x64
		{5EA08ACE-135B-46F3-A020-6BF12313CCD8}.Release|Any CPU.ActiveCfg = Release|Any CPU
		{5EA08ACE-135B-46F3-A020-6BF12313CCD8}.Release|Any CPU.Build.0 = Release|Any CPU
		{5EA08ACE-135B-46F3-A020-6BF12313CCD8}.Release|x64.ActiveCfg = Release|x64
		{5EA08ACE-135B-46F3-A020-6BF12313CCD8}.Release|x64.Build.0 = Release|x64
	EndGlobalSection
	GlobalSection(SolutionProperties) = preSolution
		HideSolutionNode = FALSE
	EndGlobalSection
	GlobalSection(ExtensibilityGlobals) = postSolution
		SolutionGuid = {9E1D562D-8CAD-42C2-8D08-64657FFF72F8}
	EndGlobalSection
EndGlobal
